PODS:
  - Nimble (10.0.0)
  - Quick (2.2.1)
  - TZAlertVC (0.1.0)

DEPENDENCIES:
  - Nimble (~> 10.0.0)
  - Quick (~> 2.2.0)
  - TZAlertVC (from `../`)

SPEC REPOS:
  trunk:
    - Nimble
    - Quick

EXTERNAL SOURCES:
  TZAlertVC:
    :path: "../"

SPEC CHECKSUMS:
  Nimble: 5316ef81a170ce87baf72dd961f22f89a602ff84
  Quick: f5754d69b7013f5864c29aab9ae6f0c79c5bc200
  TZAlertVC: 489f226e08c2fb760339290b13ed179bcdf7e048

PODFILE CHECKSUM: 680d9b4471a8151e26449dd5b5290fa6dd45f833

COCOAPODS: 1.16.2
